{
  "name": "clientes_site",
  "version": "1.0.0",
  "lockfileVersion": 3,
  "requires": true,
  "packages": {
    "": {
      "name": "clientes_site",
      "version": "1.0.0",
      "license": "ISC",
      "dependencies": {
        "basic-ftp": "^6.2.1",
        "dotenv": "^18.0.4"
      }
    },
    "node_modules/basic-ftp": {
      "version": "6.2.1",
      "resolved": "https://registry.npmjs.org/basic-ftp/-/basic-ftp-6.2.1.tgz",
      "integrity": "sha512-bK67isD+lKq46AU8vNtjvMaT2ZqAOAmNCbxUHlFBRD4k15NWxyEjmaKtZPlgce58So4BNTjITGQOVTjL9y0ECA==",
      "license": "MIT",
      "engines": {
        "node": ">=10.0.0"
      }
    },
    "node_modules/dotenv": {
      "version": "18.0.4",
      "resolved": "https://registry.npmjs.org/dotenv/-/dotenv-18.0.4.tgz",
      "integrity": "sha512-jGt9uI5BIxpVO15kvy+iEFqNAwxYClKWnkptLjSNPnFLC003Imd0ofr3aEVsbpHdSBdSsbcApNIlz4nbyGMwdA==",
      "license": "BSD-2-Clause",
      "bin": {
        "dotenv": "dist/index.cjs"
      },
      "engines": {
        "node": ">=12"
      },
      "funding": {
        "url": "https://dotenvx.com"
      }
    }
  }
}
